// !$*UTF8*$!
{
	archiveVersion = 1;
	classes = {
	};
	objectVersion = 56;
	objects = {

/* Begin PBXBuildFile section */
		769CC1772A37DB0B00CB0E35 /* OSVTApp.swift in Sources */ = {isa = PBXBuildFile; fileRef = 769CC1762A37DB0B00CB0E35 /* OSVTApp.swift */; };
		769CC1792A37DB0B00CB0E35 /* ContentView.swift in Sources */ = {isa = PBXBuildFile; fileRef = 769CC1782A37DB0B00CB0E35 /* ContentView.swift */; };
		769CC17B2A37DB0E00CB0E35 /* Assets.xcassets in Resources */ = {isa = PBXBuildFile; fileRef = 769CC17A2A37DB0E00CB0E35 /* Assets.xcassets */; };
		769CC17E2A37DB0E00CB0E35 /* Preview Assets.xcassets in Resources */ = {isa = PBXBuildFile; fileRef = 769CC17D2A37DB0E00CB0E35 /* Preview Assets.xcassets */; };
		769CC1882A37DB0E00CB0E35 /* OSVTTests.swift in Sources */ = {isa = PBXBuildFile; fileRef = 769CC1872A37DB0E00CB0E35 /* OSVTTests.swift */; };
		769CC1922A37DB0E00CB0E35 /* OSVTUITests.swift in Sources */ = {isa = PBXBuildFile; fileRef = 769CC1912A37DB0E00CB0E35 /* OSVTUITests.swift */; };
		769CC1942A37DB0E00CB0E35 /* OSVTUITestsLaunchTests.swift in Sources */ = {isa = PBXBuildFile; fileRef = 769CC1932A37DB0E00CB0E35 /* OSVTUITestsLaunchTests.swift */; };
/* End PBXBuildFile section */

/* Begin PBXContainerItemProxy section */
		769CC1842A37DB0E00CB0E35 /* PBXContainerItemProxy */ = {
			isa = PBXContainerItemProxy;
			containerPortal = 769CC16B2A37DB0B00CB0E35 /* Project object */;
			proxyType = 1;
			remoteGlobalIDString = 769CC1722A37DB0B00CB0E35;
			remoteInfo = OSVT;
		};
		769CC18E2A37DB0E00CB0E35 /* PBXContainerItemProxy */ = {
			isa = PBXContainerItemProxy;
			containerPortal = 769CC16B2A37DB0B00CB0E35 /* Project object */;
			proxyType = 1;
			remoteGlobalIDString = 769CC1722A37DB0B00CB0E35;
			remoteInfo = OSVT;
		};
/* End PBXContainerItemProxy section */

/* Begin PBXFileReference section */
		769CC1732A37DB0B00CB0E35 /* OSVT.app */ = {isa = PBXFileReference; explicitFileType = wrapper.application; includeInIndex = 0; path = OSVT.app; sourceTree = BUILT_PRODUCTS_DIR; };
		769CC1762A37DB0B00CB0E35 /* OSVTApp.swift */ = {isa = PBXFileReference; lastKnownFileType = sourcecode.swift; path = OSVTApp.swift; sourceTree = "<group>"; };
		769CC1782A37DB0B00CB0E35 /* ContentView.swift */ = {isa = PBXFileReference; lastKnownFileType = sourcecode.swift; path = ContentView.swift; sourceTree = "<group>"; };
		769CC17A2A37DB0E00CB0E35 /* Assets.xcassets */ = {isa = PBXFileReference; lastKnownFileType = folder.assetcatalog; path = Assets.xcassets; sourceTree = "<group>"; };
		769CC17D2A37DB0E00CB0E35 /* Preview Assets.xcassets */ = {isa = PBXFileReference; lastKnownFileType = folder.assetcatalog; path = "Preview Assets.xcassets"; sourceTree = "<group>"; };
		769CC1832A37DB0E00CB0E35 /* OSVTTests.xctest */ = {isa = PBXFileReference; explicitFileType = wrapper.cfbundle; includeInIndex = 0; path = OSVTTests.xctest; sourceTree = BUILT_PRODUCTS_DIR; };
		769CC1872A37DB0E00CB0E35 /* OSVTTests.swift */ = {isa = PBXFileReference; lastKnownFileType = sourcecode.swift; path = OSVTTests.swift; sourceTree = "<group>"; };
		769CC18D2A37DB0E00CB0E35 /* OSVTUITests.xctest */ = {isa = PBXFileReference; explicitFileType = wrapper.cfbundle; includeInIndex = 0; path = OSVTUITests.xctest; sourceTree = BUILT_PRODUCTS_DIR; };
		769CC1912A37DB0E00CB0E35 /* OSVTUITests.swift */ = {isa = PBXFileReference; lastKnownFileType = sourcecode.swift; path = OSVTUITests.swift; sourceTree = "<group>"; };
		769CC1932A37DB0E00CB0E35 /* OSVTUITestsLaunchTests.swift */ = {isa = PBXFileReference; lastKnownFileType = sourcecode.swift; path = OSVTUITestsLaunchTests.swift; sourceTree = "<group>"; };
/* End PBXFileReference section */

/* Begin PBXFrameworksBuildPhase section */
		769CC1702A37DB0B00CB0E35 /* Frameworks */ = {
			isa = PBXFrameworksBuildPhase;
			buildActionMask = 2147483647;
			files = (
			);
			runOnlyForDeploymentPostprocessing = 0;
		};
		769CC1802A37DB0E00CB0E35 /* Frameworks */ = {
			isa = PBXFrameworksBuildPhase;
			buildActionMask = 2147483647;
			files = (
			);
			runOnlyForDeploymentPostprocessing = 0;
		};
		769CC18A2A37DB0E00CB0E35 /* Frameworks */ = {
			isa = PBXFrameworksBuildPhase;
			buildActionMask = 2147483647;
			files = (
			);
			runOnlyForDeploymentPostprocessing = 0;
		};
/* End PBXFrameworksBuildPhase section */

/* Begin PBXGroup section */
		769CC16A2A37DB0B00CB0E35 = {
			isa = PBXGroup;
			children = (
				769CC1752A37DB0B00CB0E35 /* OSVT */,
				769CC1862A37DB0E00CB0E35 /* OSVTTests */,
				769CC1902A37DB0E00CB0E35 /* OSVTUITests */,
				769CC1742A37DB0B00CB0E35 /* Products */,
			);
			sourceTree = "<group>";
		};
		769CC1742A37DB0B00CB0E35 /* Products */ = {
			isa = PBXGroup;
			children = (
				769CC1732A37DB0B00CB0E35 /* OSVT.app */,
				769CC1832A37DB0E00CB0E35 /* OSVTTests.xctest */,
				769CC18D2A37DB0E00CB0E35 /* OSVTUITests.xctest */,
			);
			name = Products;
			sourceTree = "<group>";
		};
		769CC1752A37DB0B00CB0E35 /* OSVT */ = {
			isa = PBXGroup;
			children = (
				769CC1762A37DB0B00CB0E35 /* OSVTApp.swift */,
				769CC1782A37DB0B00CB0E35 /* ContentView.swift */,
				769CC17A2A37DB0E00CB0E35 /* Assets.xcassets */,
				769CC17C2A37DB0E00CB0E35 /* Preview Content */,
			);
			path = OSVT;
			sourceTree = "<group>";
		};
		769CC17C2A37DB0E00CB0E35 /* Preview Content */ = {
			isa = PBXGroup;
			children = (
				769CC17D2A37DB0E00CB0E35 /* Preview Assets.xcassets */,
			);
			path = "Preview Content";
			sourceTree = "<group>";
		};
		769CC1862A37DB0E00CB0E35 /* OSVTTests */ = {
			isa = PBXGroup;
			children = (
				769CC1872A37DB0E00CB0E35 /* OSVTTests.swift */,
			);
			path = OSVTTests;
			sourceTree = "<group>";
		};
		769CC1902A37DB0E00CB0E35 /* OSVTUITests */ = {
			isa = PBXGroup;
			children = (
				769CC1912A37DB0E00CB0E35 /* OSVTUITests.swift */,
				769CC1932A37DB0E00CB0E35 /* OSVTUITestsLaunchTests.swift */,
			);
			path = OSVTUITests;
			sourceTree = "<group>";
		};
/* End PBXGroup section */

/* Begin PBXNativeTarget section */
		769CC1722A37DB0B00CB0E35 /* OSVT */ = {
			isa = PBXNativeTarget;
			buildConfigurationList = 769CC1972A37DB0E00CB0E35 /* Build configuration list for PBXNativeTarget "OSVT" */;
			buildPhases = (
				769CC16F2A37DB0B00CB0E35 /* Sources */,
				769CC1702A37DB0B00CB0E35 /* Frameworks */,
				769CC1712A37DB0B00CB0E35 /* Resources */,
			);
			buildRules = (
			);
			dependencies = (
			);
			name = OSVT;
			productName = OSVT;
			productReference = 769CC1732A37DB0B00CB0E35 /* OSVT.app */;
			productType = "com.apple.product-type.application";
		};
		769CC1822A37DB0E00CB0E35 /* OSVTTests */ = {
			isa = PBXNativeTarget;
			buildConfigurationList = 769CC19A2A37DB0E00CB0E35 /* Build configuration list for PBXNativeTarget "OSVTTests" */;
			buildPhases = (
				769CC17F2A37DB0E00CB0E35 /* Sources */,
				769CC1802A37DB0E00CB0E35 /* Frameworks */,
				769CC1812A37DB0E00CB0E35 /* Resources */,
			);
			buildRules = (
			);
			dependencies = (
				769CC1852A37DB0E00CB0E35 /* PBXTargetDependency */,
			);
			name = OSVTTests;
			productName = OSVTTests;
			productReference = 769CC1832A37DB0E00CB0E35 /* OSVTTests.xctest */;
			productType = "com.apple.product-type.bundle.unit-test";
		};
		769CC18C2A37DB0E00CB0E35 /* OSVTUITests */ = {
			isa = PBXNativeTarget;
			buildConfigurationList = 769CC19D2A37DB0E00CB0E35 /* Build configuration list for PBXNativeTarget "OSVTUITests" */;
			buildPhases = (
				769CC1892A37DB0E00CB0E35 /* Sources */,
				769CC18A2A37DB0E00CB0E35 /* Frameworks */,
				769CC18B2A37DB0E00CB0E35 /* Resources */,
			);
			buildRules = (
			);
			dependencies = (
				769CC18F2A37DB0E00CB0E35 /* PBXTargetDependency */,
			);
			name = OSVTUITests;
			productName = OSVTUITests;
			productReference = 769CC18D2A37DB0E00CB0E35 /* OSVTUITests.xctest */;
			productType = "com.apple.product-type.bundle.ui-testing";
		};
/* End PBXNativeTarget section */

/* Begin PBXProject section */
		769CC16B2A37DB0B00CB0E35 /* Project object */ = {
			isa = PBXProject;
			attributes = {
				BuildIndependentTargetsInParallel = 1;
				LastSwiftUpdateCheck = 1430;
				LastUpgradeCheck = 1430;
				TargetAttributes = {
					769CC1722A37DB0B00CB0E35 = {
						CreatedOnToolsVersion = 14.3.1;
					};
					769CC1822A37DB0E00CB0E35 = {
						CreatedOnToolsVersion = 14.3.1;
						TestTargetID = 769CC1722A37DB0B00CB0E35;
					};
					769CC18C2A37DB0E00CB0E35 = {
						CreatedOnToolsVersion = 14.3.1;
						TestTargetID = 769CC1722A37DB0B00CB0E35;
					};
				};
			};
			buildConfigurationList = 769CC16E2A37DB0B00CB0E35 /* Build configuration list for PBXProject "OSVT" */;
			compatibilityVersion = "Xcode 14.0";
			developmentRegion = en;
			hasScannedForEncodings = 0;
			knownRegions = (
				en,
				Base,
			);
			mainGroup = 769CC16A2A37DB0B00CB0E35;
			productRefGroup = 769CC1742A37DB0B00CB0E35 /* Products */;
			projectDirPath = "";
			projectRoot = "";
			targets = (
				769CC1722A37DB0B00CB0E35 /* OSVT */,
				769CC1822A37DB0E00CB0E35 /* OSVTTests */,
				769CC18C2A37DB0E00CB0E35 /* OSVTUITests */,
			);
		};
/* End PBXProject section */

/* Begin PBXResourcesBuildPhase section */
		769CC1712A37DB0B00CB0E35 /* Resources */ = {
			isa = PBXResourcesBuildPhase;
			buildActionMask = 2147483647;
			files = (
				769CC17E2A37DB0E00CB0E35 /* Preview Assets.xcassets in Resources */,
				769CC17B2A37DB0E00CB0E35 /* Assets.xcassets in Resources */,
			);
			runOnlyForDeploymentPostprocessing = 0;
		};
		769CC1812A37DB0E00CB0E35 /* Resources */ = {
			isa = PBXResourcesBuildPhase;
			buildActionMask = 2147483647;
			files = (
			);
			runOnlyForDeploymentPostprocessing = 0;
		};
		769CC18B2A37DB0E00CB0E35 /* Resources */ = {
			isa = PBXResourcesBuildPhase;
			buildActionMask = 2147483647;
			files = (
			);
			runOnlyForDeploymentPostprocessing = 0;
		};
/* End PBXResourcesBuildPhase section */

/* Begin PBXSourcesBuildPhase section */
		769CC16F2A37DB0B00CB0E35 /* Sources */ = {
			isa = PBXSourcesBuildPhase;
			buildActionMask = 2147483647;
			files = (
				769CC1792A37DB0B00CB0E35 /* ContentView.swift in Sources */,
				769CC1772A37DB0B00CB0E35 /* OSVTApp.swift in Sources */,
			);
			runOnlyForDeploymentPostprocessing = 0;
		};
		769CC17F2A37DB0E00CB0E35 /* Sources */ = {
			isa = PBXSourcesBuildPhase;
			buildActionMask = 2147483647;
			files = (
				769CC1882A37DB0E00CB0E35 /* OSVTTests.swift in Sources */,
			);
			runOnlyForDeploymentPostprocessing = 0;
		};
		769CC1892A37DB0E00CB0E35 /* Sources */ = {
			isa = PBXSourcesBuildPhase;
			buildActionMask = 2147483647;
			files = (
				769CC1942A37DB0E00CB0E35 /* OSVTUITestsLaunchTests.swift in Sources */,
				769CC1922A37DB0E00CB0E35 /* OSVTUITests.swift in Sources */,
			);
			runOnlyForDeploymentPostprocessing = 0;
		};
/* End PBXSourcesBuildPhase section */

/* Begin PBXTargetDependency section */
		769CC1852A37DB0E00CB0E35 /* PBXTargetDependency */ = {
			isa = PBXTargetDependency;
			target = 769CC1722A37DB0B00CB0E35 /* OSVT */;
			targetProxy = 769CC1842A37DB0E00CB0E35 /* PBXContainerItemProxy */;
		};
		769CC18F2A37DB0E00CB0E35 /* PBXTargetDependency */ = {
			isa = PBXTargetDependency;
			target = 769CC1722A37DB0B00CB0E35 /* OSVT */;
			targetProxy = 769CC18E2A37DB0E00CB0E35 /* PBXContainerItemProxy */;
		};
/* End PBXTargetDependency section */

/* Begin XCBuildConfiguration section */
		769CC1952A37DB0E00CB0E35 /* Debug */ = {
			isa = XCBuildConfiguration;
			buildSettings = {
				ALWAYS_SEARCH_USER_PATHS = NO;
				CLANG_ANALYZER_NONNULL = YES;
				CLANG_ANALYZER_NUMBER_OBJECT_CONVERSION = YES_AGGRESSIVE;
				CLANG_CXX_LANGUAGE_STANDARD = "gnu++20";
				CLANG_ENABLE_MODULES = YES;
				CLANG_ENABLE_OBJC_ARC = YES;
				CLANG_ENABLE_OBJC_WEAK = YES;
				CLANG_WARN_BLOCK_CAPTURE_AUTORELEASING = YES;
				CLANG_WARN_BOOL_CONVERSION = YES;
				CLANG_WARN_COMMA = YES;
				CLANG_WARN_CONSTANT_CONVERSION = YES;
				CLANG_WARN_DEPRECATED_OBJC_IMPLEMENTATIONS = YES;
				CLANG_WARN_DIRECT_OBJC_ISA_USAGE = YES_ERROR;
				CLANG_WARN_DOCUMENTATION_COMMENTS = YES;
				CLANG_WARN_EMPTY_BODY = YES;
				CLANG_WARN_ENUM_CONVERSION = YES;
				CLANG_WARN_INFINITE_RECURSION = YES;
				CLANG_WARN_INT_CONVERSION = YES;
				CLANG_WARN_NON_LITERAL_NULL_CONVERSION = YES;
				CLANG_WARN_OBJC_IMPLICIT_RETAIN_SELF = YES;
				CLANG_WARN_OBJC_LITERAL_CONVERSION = YES;
				CLANG_WARN_OBJC_ROOT_CLASS = YES_ERROR;
				CLANG_WARN_QUOTED_INCLUDE_IN_FRAMEWORK_HEADER = YES;
				CLANG_WARN_RANGE_LOOP_ANALYSIS = YES;
				CLANG_WARN_STRICT_PROTOTYPES = YES;
				CLANG_WARN_SUSPICIOUS_MOVE = YES;
				CLANG_WARN_UNGUARDED_AVAILABILITY = YES_AGGRESSIVE;
				CLANG_WARN_UNREACHABLE_CODE = YES;
				CLANG_WARN__DUPLICATE_METHOD_MATCH = YES;
				COPY_PHASE_STRIP = NO;
				DEBUG_INFORMATION_FORMAT = dwarf;
				ENABLE_STRICT_OBJC_MSGSEND = YES;
				ENABLE_TESTABILITY = YES;
				GCC_C_LANGUAGE_STANDARD = gnu11;
				GCC_DYNAMIC_NO_PIC = NO;
				GCC_NO_COMMON_BLOCKS = YES;
				GCC_OPTIMIZATION_LEVEL = 0;
				GCC_PREPROCESSOR_DEFINITIONS = (
					"DEBUG=1",
					"$(inherited)",
				);
				GCC_WARN_64_TO_32_BIT_CONVERSION = YES;
				GCC_WARN_ABOUT_RETURN_TYPE = YES_ERROR;
				GCC_WARN_UNDECLARED_SELECTOR = YES;
				GCC_WARN_UNINITIALIZED_AUTOS = YES_AGGRESSIVE;
				GCC_WARN_UNUSED_FUNCTION = YES;
				GCC_WARN_UNUSED_VARIABLE = YES;
				IPHONEOS_DEPLOYMENT_TARGET = 16.4;
				MTL_ENABLE_DEBUG_INFO = INCLUDE_SOURCE;
				MTL_FAST_MATH = YES;
				ONLY_ACTIVE_ARCH = YES;
				SDKROOT = iphoneos;
				SWIFT_ACTIVE_COMPILATION_CONDITIONS = DEBUG;
				SWIFT_OPTIMIZATION_LEVEL = "-Onone";
			};
			name = Debug;
		};
		769CC1962A37DB0E00CB0E35 /* Release */ = {
			isa = XCBuildConfiguration;
			buildSettings = {
				ALWAYS_SEARCH_USER_PATHS = NO;
				CLANG_ANALYZER_NONNULL = YES;
				CLANG_ANALYZER_NUMBER_OBJECT_CONVERSION = YES_AGGRESSIVE;
				CLANG_CXX_LANGUAGE_STANDARD = "gnu++20";
				CLANG_ENABLE_MODULES = YES;
				CLANG_ENABLE_OBJC_ARC = YES;
				CLANG_ENABLE_OBJC_WEAK = YES;
				CLANG_WARN_BLOCK_CAPTURE_AUTORELEASING = YES;
				CLANG_WARN_BOOL_CONVERSION = YES;
				CLANG_WARN_COMMA = YES;
				CLANG_WARN_CONSTANT_CONVERSION = YES;
				CLANG_WARN_DEPRECATED_OBJC_IMPLEMENTATIONS = YES;
				CLANG_WARN_DIRECT_OBJC_ISA_USAGE = YES_ERROR;
				CLANG_WARN_DOCUMENTATION_COMMENTS = YES;
				CLANG_WARN_EMPTY_BODY = YES;
				CLANG_WARN_ENUM_CONVERSION = YES;
				CLANG_WARN_INFINITE_RECURSION = YES;
				CLANG_WARN_INT_CONVERSION = YES;
				CLANG_WARN_NON_LITERAL_NULL_CONVERSION = YES;
				CLANG_WARN_OBJC_IMPLICIT_RETAIN_SELF = YES;
				CLANG_WARN_OBJC_LITERAL_CONVERSION = YES;
				CLANG_WARN_OBJC_ROOT_CLASS = YES_ERROR;
				CLANG_WARN_QUOTED_INCLUDE_IN_FRAMEWORK_HEADER = YES;
				CLANG_WARN_RANGE_LOOP_ANALYSIS = YES;
				CLANG_WARN_STRICT_PROTOTYPES = YES;
				CLANG_WARN_SUSPICIOUS_MOVE = YES;
				CLANG_WARN_UNGUARDED_AVAILABILITY = YES_AGGRESSIVE;
				CLANG_WARN_UNREACHABLE_CODE = YES;
				CLANG_WARN__DUPLICATE_METHOD_MATCH = YES;
				COPY_PHASE_STRIP = NO;
				DEBUG_INFORMATION_FORMAT = "dwarf-with-dsym";
				ENABLE_NS_ASSERTIONS = NO;
				ENABLE_STRICT_OBJC_MSGSEND = YES;
				GCC_C_LANGUAGE_STANDARD = gnu11;
				GCC_NO_COMMON_BLOCKS = YES;
				GCC_WARN_64_TO_32_BIT_CONVERSION = YES;
				GCC_WARN_ABOUT_RETURN_TYPE = YES_ERROR;
				GCC_WARN_UNDECLARED_SELECTOR = YES;
				GCC_WARN_UNINITIALIZED_AUTOS = YES_AGGRESSIVE;
				GCC_WARN_UNUSED_FUNCTION = YES;
				GCC_WARN_UNUSED_VARIABLE = YES;
				IPHONEOS_DEPLOYMENT_TARGET = 16.4;
				MTL_ENABLE_DEBUG_INFO = NO;
				MTL_FAST_MATH = YES;
				SDKROOT = iphoneos;
				SWIFT_COMPILATION_MODE = wholemodule;
				SWIFT_OPTIMIZATION_LEVEL = "-O";
				VALIDATE_PRODUCT = YES;
			};
			name = Release;
		};
		769CC1982A37DB0E00CB0E35 /* Debug */ = {
			isa = XCBuildConfiguration;
			buildSettings = {
				ASSETCATALOG_COMPILER_APPICON_NAME = AppIcon;
				ASSETCATALOG_COMPILER_GLOBAL_ACCENT_COLOR_NAME = AccentColor;
				CODE_SIGN_STYLE = Automatic;
				CURRENT_PROJECT_VERSION = 1;
				DEVELOPMENT_ASSET_PATHS = "\"OSVT/Preview Content\"";
				ENABLE_PREVIEWS = YES;
				GENERATE_INFOPLIST_FILE = YES;
				INFOPLIST_KEY_UIApplicationSceneManifest_Generation = YES;
				INFOPLIST_KEY_UIApplicationSupportsIndirectInputEvents = YES;
				INFOPLIST_KEY_UILaunchScreen_Generation = YES;
				INFOPLIST_KEY_UISupportedInterfaceOrientations_iPad = "UIInterfaceOrientationPortrait UIInterfaceOrientationPortraitUpsideDown UIInterfaceOrientationLandscapeLeft UIInterfaceOrientationLandscapeRight";
				INFOPLIST_KEY_UISupportedInterfaceOrientations_iPhone = "UIInterfaceOrientationPortrait UIInterfaceOrientationLandscapeLeft UIInterfaceOrientationLandscapeRight";
				LD_RUNPATH_SEARCH_PATHS = (
					"$(inherited)",
					"@executable_path/Frameworks",
				);
				MARKETING_VERSION = 1.0;
				PRODUCT_BUNDLE_IDENTIFIER = osvt.OSVT;
				PRODUCT_NAME = "$(TARGET_NAME)";
				SWIFT_EMIT_LOC_STRINGS = YES;
				SWIFT_VERSION = 5.0;
				TARGETED_DEVICE_FAMILY = "1,2";
			};
			name = Debug;
		};
		769CC1992A37DB0E00CB0E35 /* Release */ = {
			isa = XCBuildConfiguration;
			buildSettings = {
				ASSETCATALOG_COMPILER_APPICON_NAME = AppIcon;
				ASSETCATALOG_COMPILER_GLOBAL_ACCENT_COLOR_NAME = AccentColor;
				CODE_SIGN_STYLE = Automatic;
				CURRENT_PROJECT_VERSION = 1;
				DEVELOPMENT_ASSET_PATHS = "\"OSVT/Preview Content\"";
				ENABLE_PREVIEWS = YES;
				GENERATE_INFOPLIST_FILE = YES;
				INFOPLIST_KEY_UIApplicationSceneManifest_Generation = YES;
				INFOPLIST_KEY_UIApplicationSupportsIndirectInputEvents = YES;
				INFOPLIST_KEY_UILaunchScreen_Generation = YES;
				INFOPLIST_KEY_UISupportedInterfaceOrientations_iPad = "UIInterfaceOrientationPortrait UIInterfaceOrientationPortraitUpsideDown UIInterfaceOrientationLandscapeLeft UIInterfaceOrientationLandscapeRight";
				INFOPLIST_KEY_UISupportedInterfaceOrientations_iPhone = "UIInterfaceOrientationPortrait UIInterfaceOrientationLandscapeLeft UIInterfaceOrientationLandscapeRight";
				LD_RUNPATH_SEARCH_PATHS = (
					"$(inherited)",
					"@executable_path/Frameworks",
				);
				MARKETING_VERSION = 1.0;
				PRODUCT_BUNDLE_IDENTIFIER = osvt.OSVT;
				PRODUCT_NAME = "$(TARGET_NAME)";
				SWIFT_EMIT_LOC_STRINGS = YES;
				SWIFT_VERSION = 5.0;
				TARGETED_DEVICE_FAMILY = "1,2";
			};
			name = Release;
		};
		769CC19B2A37DB0E00CB0E35 /* Debug */ = {
			isa = XCBuildConfiguration;
			buildSettings = {
				ALWAYS_EMBED_SWIFT_STANDARD_LIBRARIES = YES;
				BUNDLE_LOADER = "$(TEST_HOST)";
				CODE_SIGN_STYLE = Automatic;
				CURRENT_PROJECT_VERSION = 1;
				GENERATE_INFOPLIST_FILE = YES;
				IPHONEOS_DEPLOYMENT_TARGET = 16.4;
				MARKETING_VERSION = 1.0;
				PRODUCT_BUNDLE_IDENTIFIER = osvt.OSVTTests;
				PRODUCT_NAME = "$(TARGET_NAME)";
				SWIFT_EMIT_LOC_STRINGS = NO;
				SWIFT_VERSION = 5.0;
				TARGETED_DEVICE_FAMILY = "1,2";
				TEST_HOST = "$(BUILT_PRODUCTS_DIR)/OSVT.app/$(BUNDLE_EXECUTABLE_FOLDER_PATH)/OSVT";
			};
			name = Debug;
		};
		769CC19C2A37DB0E00CB0E35 /* Release */ = {
			isa = XCBuildConfiguration;
			buildSettings = {
				ALWAYS_EMBED_SWIFT_STANDARD_LIBRARIES = YES;
				BUNDLE_LOADER = "$(TEST_HOST)";
				CODE_SIGN_STYLE = Automatic;
				CURRENT_PROJECT_VERSION = 1;
				GENERATE_INFOPLIST_FILE = YES;
				IPHONEOS_DEPLOYMENT_TARGET = 16.4;
				MARKETING_VERSION = 1.0;
				PRODUCT_BUNDLE_IDENTIFIER = osvt.OSVTTests;
				PRODUCT_NAME = "$(TARGET_NAME)";
				SWIFT_EMIT_LOC_STRINGS = NO;
				SWIFT_VERSION = 5.0;
				TARGETED_DEVICE_FAMILY = "1,2";
				TEST_HOST = "$(BUILT_PRODUCTS_DIR)/OSVT.app/$(BUNDLE_EXECUTABLE_FOLDER_PATH)/OSVT";
			};
			name = Release;
		};
		769CC19E2A37DB0E00CB0E35 /* Debug */ = {
			isa = XCBuildConfiguration;
			buildSettings = {
				ALWAYS_EMBED_SWIFT_STANDARD_LIBRARIES = YES;
				CODE_SIGN_STYLE = Automatic;
				CURRENT_PROJECT_VERSION = 1;
				GENERATE_INFOPLIST_FILE = YES;
				MARKETING_VERSION = 1.0;
				PRODUCT_BUNDLE_IDENTIFIER = osvt.OSVTUITests;
				PRODUCT_NAME = "$(TARGET_NAME)";
				SWIFT_EMIT_LOC_STRINGS = NO;
				SWIFT_VERSION = 5.0;
				TARGETED_DEVICE_FAMILY = "1,2";
				TEST_TARGET_NAME = OSVT;
			};
			name = Debug;
		};
		769CC19F2A37DB0E00CB0E35 /* Release */ = {
			isa = XCBuildConfiguration;
			buildSettings = {
				ALWAYS_EMBED_SWIFT_STANDARD_LIBRARIES = YES;
				CODE_SIGN_STYLE = Automatic;
				CURRENT_PROJECT_VERSION = 1;
				GENERATE_INFOPLIST_FILE = YES;
				MARKETING_VERSION = 1.0;
				PRODUCT_BUNDLE_IDENTIFIER = osvt.OSVTUITests;
				PRODUCT_NAME = "$(TARGET_NAME)";
				SWIFT_EMIT_LOC_STRINGS = NO;
				SWIFT_VERSION = 5.0;
				TARGETED_DEVICE_FAMILY = "1,2";
				TEST_TARGET_NAME = OSVT;
			};
			name = Release;
		};
/* End XCBuildConfiguration section */

/* Begin XCConfigurationList section */
		769CC16E2A37DB0B00CB0E35 /* Build configuration list for PBXProject "OSVT" */ = {
			isa = XCConfigurationList;
			buildConfigurations = (
				769CC1952A37DB0E00CB0E35 /* Debug */,
				769CC1962A37DB0E00CB0E35 /* Release */,
			);
			defaultConfigurationIsVisible = 0;
			defaultConfigurationName = Release;
		};
		769CC1972A37DB0E00CB0E35 /* Build configuration list for PBXNativeTarget "OSVT" */ = {
			isa = XCConfigurationList;
			buildConfigurations = (
				769CC1982A37DB0E00CB0E35 /* Debug */,
				769CC1992A37DB0E00CB0E35 /* Release */,
			);
			defaultConfigurationIsVisible = 0;
			defaultConfigurationName = Release;
		};
		769CC19A2A37DB0E00CB0E35 /* Build configuration list for PBXNativeTarget "OSVTTests" */ = {
			isa = XCConfigurationList;
			buildConfigurations = (
				769CC19B2A37DB0E00CB0E35 /* Debug */,
				769CC19C2A37DB0E00CB0E35 /* Release */,
			);
			defaultConfigurationIsVisible = 0;
			defaultConfigurationName = Release;
		};
		769CC19D2A37DB0E00CB0E35 /* Build configuration list for PBXNativeTarget "OSVTUITests" */ = {
			isa = XCConfigurationList;
			buildConfigurations = (
				769CC19E2A37DB0E00CB0E35 /* Debug */,
				769CC19F2A37DB0E00CB0E35 /* Release */,
			);
			defaultConfigurationIsVisible = 0;
			defaultConfigurationName = Release;
		};
/* End XCConfigurationList section */
	};
	rootObject = 769CC16B2A37DB0B00CB0E35 /* Project object */;
}
